
Microsoft Visual Studio Solution File, Format Version 12.00
Project("{2150E333-8FDC-42A3-9474-1A3956D46DE8}") = "HM.Presentation", "HM.Presentation", "{1F8310D9-E1CC-4159-AC35-4C54F753F7CE}"
EndProject
Project("{FAE04EC0-301F-11D3-BF4B-00C04F79EFBC}") = "HM.Domain", "HM.Domain\HM.Domain.csproj", "{FE2070D2-F1A9-4B74-86EB-D1F8728DDC48}"
EndProject
Project("{FAE04EC0-301F-11D3-BF4B-00C04F79EFBC}") = "HM.Application", "HM.Application\HM.Application.csproj", "{A0BD4EAD-2DAD-4FF1-BC6D-CACCA2A3FC03}"
EndProject
Project("{FAE04EC0-301F-11D3-BF4B-00C04F79EFBC}") = "HM.Infrastructure", "HM.Infrastructure\HM.Infrastructure.csproj", "{39F81A8F-6D4F-4DBA-95C4-E1D60A0274AD}"
EndProject
Project("{FAE04EC0-301F-11D3-BF4B-00C04F79EFBC}") = "HM.Presentation.WPF", "HM.Presentation.WPF\HM.Presentation.WPF.csproj", "{BA6F3377-9B3B-4C4C-B385-886EC1E93341}"
EndProject
Project("{FAE04EC0-301F-11D3-BF4B-00C04F79EFBC}") = "HM.Presentation.WebUI", "HM.Presentation.WebUI\HM.Presentation.WebUI.csproj", "{7AE1209E-8975-4FF1-8C90-741D62911C28}"
EndProject
Project("{2150E333-8FDC-42A3-9474-1A3956D46DE8}") = "HM.Tests", "HM.Tests", "{2D582E0C-5903-49BE-80D8-13CDF726032E}"
EndProject
Project("{FAE04EC0-301F-11D3-BF4B-00C04F79EFBC}") = "HM.Tests.UnitTests", "HM.Tests.UnitTests\HM.Tests.UnitTests.csproj", "{F2101542-B618-42E8-B58C-CEEFEC2D3399}"
EndProject
Project("{FAE04EC0-301F-11D3-BF4B-00C04F79EFBC}") = "HM.Tests.ArchitecturalTests", "HM.Tests.ArchitecturalTests\HM.Tests.ArchitecturalTests.csproj", "{EA591BFA-2BF4-43DF-B889-CA364A9A66DA}"
EndProject
Project("{FAE04EC0-301F-11D3-BF4B-00C04F79EFBC}") = "HM.Tests.IntegrationTests", "HM.Tests.IntegrationTests\HM.Tests.IntegrationTests.csproj", "{7B2FE07C-A953-44ED-AA69-F4ECA05664EB}"
EndProject
Project("{FAE04EC0-301F-11D3-BF4B-00C04F79EFBC}") = "HM.Tests.Bdd", "HM.Tests.Bdd\HM.Tests.Bdd.csproj", "{8F1C7D2C-FE1B-4C8A-A082-01CBEB682EAF}"
EndProject
Project("{FAE04EC0-301F-11D3-BF4B-00C04F79EFBC}") = "HM.Tests.Playwright", "HM.Tests.Playwright\HM.Tests.Playwright.csproj", "{01D2F6F9-FEBC-4C0C-B37B-FFF2A7167D7B}"
EndProject
Global
	GlobalSection(SolutionConfigurationPlatforms) = preSolution
		Debug|Any CPU = Debug|Any CPU
		Release|Any CPU = Release|Any CPU
	EndGlobalSection
	GlobalSection(ProjectConfigurationPlatforms) = postSolution
		{FE2070D2-F1A9-4B74-86EB-D1F8728DDC48}.Debug|Any CPU.ActiveCfg = Debug|Any CPU
		{FE2070D2-F1A9-4B74-86EB-D1F8728DDC48}.Debug|Any CPU.Build.0 = Debug|Any CPU
		{FE2070D2-F1A9-4B74-86EB-D1F8728DDC48}.Release|Any CPU.ActiveCfg = Release|Any CPU
		{FE2070D2-F1A9-4B74-86EB-D1F8728DDC48}.Release|Any CPU.Build.0 = Release|Any CPU
		{A0BD4EAD-2DAD-4FF1-BC6D-CACCA2A3FC03}.Debug|Any CPU.ActiveCfg = Debug|Any CPU
		{A0BD4EAD-2DAD-4FF1-BC6D-CACCA2A3FC03}.Debug|Any CPU.Build.0 = Debug|Any CPU
		{A0BD4EAD-2DAD-4FF1-BC6D-CACCA2A3FC03}.Release|Any CPU.ActiveCfg = Release|Any CPU
		{A0BD4EAD-2DAD-4FF1-BC6D-CACCA2A3FC03}.Release|Any CPU.Build.0 = Release|Any CPU
		{39F81A8F-6D4F-4DBA-95C4-E1D60A0274AD}.Debug|Any CPU.ActiveCfg = Debug|Any CPU
		{39F81A8F-6D4F-4DBA-95C4-E1D60A0274AD}.Debug|Any CPU.Build.0 = Debug|Any CPU
		{39F81A8F-6D4F-4DBA-95C4-E1D60A0274AD}.Release|Any CPU.ActiveCfg = Release|Any CPU
		{39F81A8F-6D4F-4DBA-95C4-E1D60A0274AD}.Release|Any CPU.Build.0 = Release|Any CPU
		{BA6F3377-9B3B-4C4C-B385-886EC1E93341}.Debug|Any CPU.ActiveCfg = Debug|Any CPU
		{BA6F3377-9B3B-4C4C-B385-886EC1E93341}.Debug|Any CPU.Build.0 = Debug|Any CPU
		{BA6F3377-9B3B-4C4C-B385-886EC1E93341}.Release|Any CPU.ActiveCfg = Release|Any CPU
		{BA6F3377-9B3B-4C4C-B385-886EC1E93341}.Release|Any CPU.Build.0 = Release|Any CPU
		{7AE1209E-8975-4FF1-8C90-741D62911C28}.Debug|Any CPU.ActiveCfg = Debug|Any CPU
		{7AE1209E-8975-4FF1-8C90-741D62911C28}.Debug|Any CPU.Build.0 = Debug|Any CPU
		{7AE1209E-8975-4FF1-8C90-741D62911C28}.Release|Any CPU.ActiveCfg = Release|Any CPU
		{7AE1209E-8975-4FF1-8C90-741D62911C28}.Release|Any CPU.Build.0 = Release|Any CPU
		{F2101542-B618-42E8-B58C-CEEFEC2D3399}.Debug|Any CPU.ActiveCfg = Debug|Any CPU
		{F2101542-B618-42E8-B58C-CEEFEC2D3399}.Debug|Any CPU.Build.0 = Debug|Any CPU
		{F2101542-B618-42E8-B58C-CEEFEC2D3399}.Release|Any CPU.ActiveCfg = Release|Any CPU
		{F2101542-B618-42E8-B58C-CEEFEC2D3399}.Release|Any CPU.Build.0 = Release|Any CPU
		{EA591BFA-2BF4-43DF-B889-CA364A9A66DA}.Debug|Any CPU.ActiveCfg = Debug|Any CPU
		{EA591BFA-2BF4-43DF-B889-CA364A9A66DA}.Debug|Any CPU.Build.0 = Debug|Any CPU
		{EA591BFA-2BF4-43DF-B889-CA364A9A66DA}.Release|Any CPU.ActiveCfg = Release|Any CPU
		{EA591BFA-2BF4-43DF-B889-CA364A9A66DA}.Release|Any CPU.Build.0 = Release|Any CPU
		{7B2FE07C-A953-44ED-AA69-F4ECA05664EB}.Debug|Any CPU.ActiveCfg = Debug|Any CPU
		{7B2FE07C-A953-44ED-AA69-F4ECA05664EB}.Debug|Any CPU.Build.0 = Debug|Any CPU
		{7B2FE07C-A953-44ED-AA69-F4ECA05664EB}.Release|Any CPU.ActiveCfg = Release|Any CPU
		{7B2FE07C-A953-44ED-AA69-F4ECA05664EB}.Release|Any CPU.Build.0 = Release|Any CPU
		{8F1C7D2C-FE1B-4C8A-A082-01CBEB682EAF}.Debug|Any CPU.ActiveCfg = Debug|Any CPU
		{8F1C7D2C-FE1B-4C8A-A082-01CBEB682EAF}.Debug|Any CPU.Build.0 = Debug|Any CPU
		{8F1C7D2C-FE1B-4C8A-A082-01CBEB682EAF}.Release|Any CPU.ActiveCfg = Release|Any CPU
		{8F1C7D2C-FE1B-4C8A-A082-01CBEB682EAF}.Release|Any CPU.Build.0 = Release|Any CPU
		{01D2F6F9-FEBC-4C0C-B37B-FFF2A7167D7B}.Debug|Any CPU.ActiveCfg = Debug|Any CPU
		{01D2F6F9-FEBC-4C0C-B37B-FFF2A7167D7B}.Debug|Any CPU.Build.0 = Debug|Any CPU
		{01D2F6F9-FEBC-4C0C-B37B-FFF2A7167D7B}.Release|Any CPU.ActiveCfg = Release|Any CPU
		{01D2F6F9-FEBC-4C0C-B37B-FFF2A7167D7B}.Release|Any CPU.Build.0 = Release|Any CPU
	EndGlobalSection
	GlobalSection(NestedProjects) = preSolution
		{BA6F3377-9B3B-4C4C-B385-886EC1E93341} = {1F8310D9-E1CC-4159-AC35-4C54F753F7CE}
		{7AE1209E-8975-4FF1-8C90-741D62911C28} = {1F8310D9-E1CC-4159-AC35-4C54F753F7CE}
		{F2101542-B618-42E8-B58C-CEEFEC2D3399} = {2D582E0C-5903-49BE-80D8-13CDF726032E}
		{EA591BFA-2BF4-43DF-B889-CA364A9A66DA} = {2D582E0C-5903-49BE-80D8-13CDF726032E}
		{7B2FE07C-A953-44ED-AA69-F4ECA05664EB} = {2D582E0C-5903-49BE-80D8-13CDF726032E}
		{8F1C7D2C-FE1B-4C8A-A082-01CBEB682EAF} = {2D582E0C-5903-49BE-80D8-13CDF726032E}
		{01D2F6F9-FEBC-4C0C-B37B-FFF2A7167D7B} = {2D582E0C-5903-49BE-80D8-13CDF726032E}
	EndGlobalSection
EndGlobal
